// !$*UTF8*$!
{
	archiveVersion = 1;
	classes = {
	};
	objectVersion = 46;
	objects = {

/* Begin PBXBuildFile section */
		5D162196B3A798A01678C2C9 /* libPods.a in Frameworks */ = {isa = PBXBuildFile; fileRef = 72FBA32A01B45956F39F6449 /* libPods.a */; };
		8407F7131B3D47330008C36F /* HYLDeviceManagerController.m in Sources */ = {isa = PBXBuildFile; fileRef = 8407F7121B3D47330008C36F /* HYLDeviceManagerController.m */; };
		842B3D2A1B4635BD00F219EF /* ui in Resources */ = {isa = PBXBuildFile; fileRef = 842B3D271B4635BD00F219EF /* ui */; };
		84444F801B549E9200600337 /* ELNetworkService.framework in Frameworks */ = {isa = PBXBuildFile; fileRef = 84C14B3E1AF7318800B11B46 /* ELNetworkService.framework */; };
		8449B7481B3259F100B764D7 /* UINavigationController+barTheme.m in Sources */ = {isa = PBXBuildFile; fileRef = 8449B7471B3259F100B764D7 /* UINavigationController+barTheme.m */; };
		844BF66D1B51FA6B00E81630 /* HYLDeviceConfigController.m in Sources */ = {isa = PBXBuildFile; fileRef = 844BF66C1B51FA6B00E81630 /* HYLDeviceConfigController.m */; };
		8465B1AA1B50E64400D22290 /* LaunchScreen.xib in Resources */ = {isa = PBXBuildFile; fileRef = 8465B1A91B50E64400D22290 /* LaunchScreen.xib */; };
		846AE2121B2A8A6B004F3106 /* HYLDevicesController.m in Sources */ = {isa = PBXBuildFile; fileRef = 846AE2111B2A8A6B004F3106 /* HYLDevicesController.m */; };
		846AE2171B2AA125004F3106 /* HYLResourceUtil.m in Sources */ = {isa = PBXBuildFile; fileRef = 846AE2161B2AA125004F3106 /* HYLResourceUtil.m */; };
		8473AE0B1B43EE750079578F /* HYLRoutes.m in Sources */ = {isa = PBXBuildFile; fileRef = 8473AE0A1B43EE750079578F /* HYLRoutes.m */; };
		8473AE131B4522C40079578F /* Localizable.strings in Resources */ = {isa = PBXBuildFile; fileRef = 8473AE121B4522C40079578F /* Localizable.strings */; };
		84AF6B161B4B6E3F004C86E6 /* HYLWifiUtils.m in Sources */ = {isa = PBXBuildFile; fileRef = 84AF6B151B4B6E3F004C86E6 /* HYLWifiUtils.m */; };
		84AF6B191B4CBE5F004C86E6 /* HYLWIFITableViewController.m in Sources */ = {isa = PBXBuildFile; fileRef = 84AF6B181B4CBE5F004C86E6 /* HYLWIFITableViewController.m */; };
		84AF6B1C1B4CFAE6004C86E6 /* HYLReachabilityUtils.m in Sources */ = {isa = PBXBuildFile; fileRef = 84AF6B1B1B4CFAE6004C86E6 /* HYLReachabilityUtils.m */; };
		84B30D681B62208C00AE51FA /* libcurl.a in Frameworks */ = {isa = PBXBuildFile; fileRef = 84B30D671B62208C00AE51FA /* libcurl.a */; };
		84B379DE1B85B95D00964F02 /* Esptouch.framework in Frameworks */ = {isa = PBXBuildFile; fileRef = 84B379DD1B85B95D00964F02 /* Esptouch.framework */; };
		84B379E21B85BDD000964F02 /* EsptouchUtils.m in Sources */ = {isa = PBXBuildFile; fileRef = 84B379E11B85BDD000964F02 /* EsptouchUtils.m */; };
		84B3F9B71B301DD700486D21 /* HYLClassUtils.m in Sources */ = {isa = PBXBuildFile; fileRef = 84B3F9B61B301DD700486D21 /* HYLClassUtils.m */; };
		84B3F9BA1B315CC400486D21 /* HYLDeviceDetailController.m in Sources */ = {isa = PBXBuildFile; fileRef = 84B3F9B91B315CC400486D21 /* HYLDeviceDetailController.m */; };
		84C01D2E1AF73E2700FD74A6 /* JavaScriptCore.framework in Frameworks */ = {isa = PBXBuildFile; fileRef = 84C01D2D1AF73E2700FD74A6 /* JavaScriptCore.framework */; };
		84C03C531B41282900D2D5C5 /* configdefault.json in Resources */ = {isa = PBXBuildFile; fileRef = 84C03C521B41282900D2D5C5 /* configdefault.json */; };
		84C14B121AF70AA300B11B46 /* main.m in Sources */ = {isa = PBXBuildFile; fileRef = 84C14B111AF70AA300B11B46 /* main.m */; };
		84C14B151AF70AA300B11B46 /* AppDelegate.m in Sources */ = {isa = PBXBuildFile; fileRef = 84C14B141AF70AA300B11B46 /* AppDelegate.m */; };
		84C14B181AF70AA300B11B46 /* ViewController.m in Sources */ = {isa = PBXBuildFile; fileRef = 84C14B171AF70AA300B11B46 /* ViewController.m */; };
		84C14B1B1AF70AA400B11B46 /* Main.storyboard in Resources */ = {isa = PBXBuildFile; fileRef = 84C14B191AF70AA400B11B46 /* Main.storyboard */; };
		84C14B1D1AF70AA400B11B46 /* Images.xcassets in Resources */ = {isa = PBXBuildFile; fileRef = 84C14B1C1AF70AA400B11B46 /* Images.xcassets */; };
		84C14B2C1AF70AA400B11B46 /* ehomeDebugToolsTests.m in Sources */ = {isa = PBXBuildFile; fileRef = 84C14B2B1AF70AA400B11B46 /* ehomeDebugToolsTests.m */; };
		84C2035B1B4FD1030074FD4B /* HYLVersionInfoUtils.m in Sources */ = {isa = PBXBuildFile; fileRef = 84C2035A1B4FD1030074FD4B /* HYLVersionInfoUtils.m */; };
		84CEC5231B3A3B130015C348 /* UIViewController+Notification.m in Sources */ = {isa = PBXBuildFile; fileRef = 84CEC5221B3A3B130015C348 /* UIViewController+Notification.m */; };
		84CEC5261B3AAC5E0015C348 /* HYLContextLibary.m in Sources */ = {isa = PBXBuildFile; fileRef = 84CEC5251B3AAC5D0015C348 /* HYLContextLibary.m */; };
		84CEC5291B3AB0840015C348 /* HYLCache.m in Sources */ = {isa = PBXBuildFile; fileRef = 84CEC5281B3AB0840015C348 /* HYLCache.m */; };
		84DD21AD1B4E6730008C461B /* HYLSysConfigViewController.m in Sources */ = {isa = PBXBuildFile; fileRef = 84DD21AC1B4E6730008C461B /* HYLSysConfigViewController.m */; };
		84DD21B01B4E7909008C461B /* RegUtil.m in Sources */ = {isa = PBXBuildFile; fileRef = 84DD21AF1B4E7909008C461B /* RegUtil.m */; };
/* End PBXBuildFile section */

/* Begin PBXContainerItemProxy section */
		84C14B261AF70AA400B11B46 /* PBXContainerItemProxy */ = {
			isa = PBXContainerItemProxy;
			containerPortal = 84C14B041AF70AA300B11B46 /* Project object */;
			proxyType = 1;
			remoteGlobalIDString = 84C14B0B1AF70AA300B11B46;
			remoteInfo = ehomeDebugTools;
		};
/* End PBXContainerItemProxy section */

/* Begin PBXFileReference section */
		72FBA32A01B45956F39F6449 /* libPods.a */ = {isa = PBXFileReference; explicitFileType = archive.ar; includeInIndex = 0; path = libPods.a; sourceTree = BUILT_PRODUCTS_DIR; };
		7CEA3C076871EC35663F8CA6 /* Pods.release.xcconfig */ = {isa = PBXFileReference; includeInIndex = 1; lastKnownFileType = text.xcconfig; name = Pods.release.xcconfig; path = "Pods/Target Support Files/Pods/Pods.release.xcconfig"; sourceTree = "<group>"; };
		8407F7111B3D47330008C36F /* HYLDeviceManagerController.h */ = {isa = PBXFileReference; fileEncoding = 4; lastKnownFileType = sourcecode.c.h; path = HYLDeviceManagerController.h; sourceTree = "<group>"; };
		8407F7121B3D47330008C36F /* HYLDeviceManagerController.m */ = {isa = PBXFileReference; fileEncoding = 4; lastKnownFileType = sourcecode.c.objc; path = HYLDeviceManagerController.m; sourceTree = "<group>"; };
		842B3D271B4635BD00F219EF /* ui */ = {isa = PBXFileReference; lastKnownFileType = folder; path = ui; sourceTree = "<group>"; };
		8449B7461B3259F100B764D7 /* UINavigationController+barTheme.h */ = {isa = PBXFileReference; fileEncoding = 4; lastKnownFileType = sourcecode.c.h; path = "UINavigationController+barTheme.h"; sourceTree = "<group>"; };
		8449B7471B3259F100B764D7 /* UINavigationController+barTheme.m */ = {isa = PBXFileReference; fileEncoding = 4; lastKnownFileType = sourcecode.c.objc; path = "UINavigationController+barTheme.m"; sourceTree = "<group>"; };
		844BF66B1B51FA6B00E81630 /* HYLDeviceConfigController.h */ = {isa = PBXFileReference; fileEncoding = 4; lastKnownFileType = sourcecode.c.h; path = HYLDeviceConfigController.h; sourceTree = "<group>"; };
		844BF66C1B51FA6B00E81630 /* HYLDeviceConfigController.m */ = {isa = PBXFileReference; fileEncoding = 4; lastKnownFileType = sourcecode.c.objc; path = HYLDeviceConfigController.m; sourceTree = "<group>"; };
		8465B1A91B50E64400D22290 /* LaunchScreen.xib */ = {isa = PBXFileReference; fileEncoding = 4; lastKnownFileType = file.xib; path = LaunchScreen.xib; sourceTree = "<group>"; };
		846AE2101B2A8A6B004F3106 /* HYLDevicesController.h */ = {isa = PBXFileReference; fileEncoding = 4; lastKnownFileType = sourcecode.c.h; path = HYLDevicesController.h; sourceTree = "<group>"; };
		846AE2111B2A8A6B004F3106 /* HYLDevicesController.m */ = {isa = PBXFileReference; fileEncoding = 4; lastKnownFileType = sourcecode.c.objc; path = HYLDevicesController.m; sourceTree = "<group>"; };
		846AE2151B2AA125004F3106 /* HYLResourceUtil.h */ = {isa = PBXFileReference; fileEncoding = 4; lastKnownFileType = sourcecode.c.h; path = HYLResourceUtil.h; sourceTree = "<group>"; };
		846AE2161B2AA125004F3106 /* HYLResourceUtil.m */ = {isa = PBXFileReference; fileEncoding = 4; lastKnownFileType = sourcecode.c.objc; path = HYLResourceUtil.m; sourceTree = "<group>"; };
		8473AE091B43EE750079578F /* HYLRoutes.h */ = {isa = PBXFileReference; fileEncoding = 4; lastKnownFileType = sourcecode.c.h; path = HYLRoutes.h; sourceTree = "<group>"; };
		8473AE0A1B43EE750079578F /* HYLRoutes.m */ = {isa = PBXFileReference; fileEncoding = 4; lastKnownFileType = sourcecode.c.objc; path = HYLRoutes.m; sourceTree = "<group>"; };
		8473AE121B4522C40079578F /* Localizable.strings */ = {isa = PBXFileReference; fileEncoding = 4; lastKnownFileType = text.plist.strings; path = Localizable.strings; sourceTree = "<group>"; };
		84AF6B141B4B6E3F004C86E6 /* HYLWifiUtils.h */ = {isa = PBXFileReference; fileEncoding = 4; lastKnownFileType = sourcecode.c.h; path = HYLWifiUtils.h; sourceTree = "<group>"; };
		84AF6B151B4B6E3F004C86E6 /* HYLWifiUtils.m */ = {isa = PBXFileReference; fileEncoding = 4; lastKnownFileType = sourcecode.c.objc; path = HYLWifiUtils.m; sourceTree = "<group>"; };
		84AF6B171B4CBE5F004C86E6 /* HYLWIFITableViewController.h */ = {isa = PBXFileReference; fileEncoding = 4; lastKnownFileType = sourcecode.c.h; path = HYLWIFITableViewController.h; sourceTree = "<group>"; };
		84AF6B181B4CBE5F004C86E6 /* HYLWIFITableViewController.m */ = {isa = PBXFileReference; fileEncoding = 4; lastKnownFileType = sourcecode.c.objc; path = HYLWIFITableViewController.m; sourceTree = "<group>"; };
		84AF6B1A1B4CFAE6004C86E6 /* HYLReachabilityUtils.h */ = {isa = PBXFileReference; fileEncoding = 4; lastKnownFileType = sourcecode.c.h; path = HYLReachabilityUtils.h; sourceTree = "<group>"; };
		84AF6B1B1B4CFAE6004C86E6 /* HYLReachabilityUtils.m */ = {isa = PBXFileReference; fileEncoding = 4; lastKnownFileType = sourcecode.c.objc; path = HYLReachabilityUtils.m; sourceTree = "<group>"; };
		84B30D651B6218AF00AE51FA /* libcurses.dylib */ = {isa = PBXFileReference; lastKnownFileType = "compiled.mach-o.dylib"; name = libcurses.dylib; path = usr/lib/libcurses.dylib; sourceTree = SDKROOT; };
		84B30D671B62208C00AE51FA /* libcurl.a */ = {isa = PBXFileReference; lastKnownFileType = archive.ar; path = libcurl.a; sourceTree = "<group>"; };
		84B30D6B1B6220BB00AE51FA /* curl.h */ = {isa = PBXFileReference; fileEncoding = 4; lastKnownFileType = sourcecode.c.h; name = curl.h; path = curl/curl.h; sourceTree = "<group>"; };
		84B30D6C1B6220BB00AE51FA /* curlbuild.h */ = {isa = PBXFileReference; fileEncoding = 4; lastKnownFileType = sourcecode.c.h; name = curlbuild.h; path = curl/curlbuild.h; sourceTree = "<group>"; };
		84B30D6D1B6220BB00AE51FA /* curlrules.h */ = {isa = PBXFileReference; fileEncoding = 4; lastKnownFileType = sourcecode.c.h; name = curlrules.h; path = curl/curlrules.h; sourceTree = "<group>"; };
		84B30D6E1B6220BB00AE51FA /* curlver.h */ = {isa = PBXFileReference; fileEncoding = 4; lastKnownFileType = sourcecode.c.h; name = curlver.h; path = curl/curlver.h; sourceTree = "<group>"; };
		84B30D6F1B6220BB00AE51FA /* easy.h */ = {isa = PBXFileReference; fileEncoding = 4; lastKnownFileType = sourcecode.c.h; name = easy.h; path = curl/easy.h; sourceTree = "<group>"; };
		84B30D701B6220BB00AE51FA /* mprintf.h */ = {isa = PBXFileReference; fileEncoding = 4; lastKnownFileType = sourcecode.c.h; name = mprintf.h; path = curl/mprintf.h; sourceTree = "<group>"; };
		84B30D711B6220BB00AE51FA /* multi.h */ = {isa = PBXFileReference; fileEncoding = 4; lastKnownFileType = sourcecode.c.h; name = multi.h; path = curl/multi.h; sourceTree = "<group>"; };
		84B30D721B6220BB00AE51FA /* stdcheaders.h */ = {isa = PBXFileReference; fileEncoding = 4; lastKnownFileType = sourcecode.c.h; name = stdcheaders.h; path = curl/stdcheaders.h; sourceTree = "<group>"; };
		84B30D731B6220BB00AE51FA /* typecheck-gcc.h */ = {isa = PBXFileReference; fileEncoding = 4; lastKnownFileType = sourcecode.c.h; name = "typecheck-gcc.h"; path = "curl/typecheck-gcc.h"; sourceTree = "<group>"; };
		84B379DD1B85B95D00964F02 /* Esptouch.framework */ = {isa = PBXFileReference; lastKnownFileType = wrapper.framework; path = Esptouch.framework; sourceTree = "<group>"; };
		84B379E01B85BDD000964F02 /* EsptouchUtils.h */ = {isa = PBXFileReference; fileEncoding = 4; lastKnownFileType = sourcecode.c.h; path = EsptouchUtils.h; sourceTree = "<group>"; };
		84B379E11B85BDD000964F02 /* EsptouchUtils.m */ = {isa = PBXFileReference; fileEncoding = 4; lastKnownFileType = sourcecode.c.objc; path = EsptouchUtils.m; sourceTree = "<group>"; };
		84B3F9B51B301DD700486D21 /* HYLClassUtils.h */ = {isa = PBXFileReference; fileEncoding = 4; lastKnownFileType = sourcecode.c.h; path = HYLClassUtils.h; sourceTree = "<group>"; };
		84B3F9B61B301DD700486D21 /* HYLClassUtils.m */ = {isa = PBXFileReference; fileEncoding = 4; lastKnownFileType = sourcecode.c.objc; path = HYLClassUtils.m; sourceTree = "<group>"; };
		84B3F9B81B315CC400486D21 /* HYLDeviceDetailController.h */ = {isa = PBXFileReference; fileEncoding = 4; lastKnownFileType = sourcecode.c.h; path = HYLDeviceDetailController.h; sourceTree = "<group>"; };
		84B3F9B91B315CC400486D21 /* HYLDeviceDetailController.m */ = {isa = PBXFileReference; fileEncoding = 4; lastKnownFileType = sourcecode.c.objc; path = HYLDeviceDetailController.m; sourceTree = "<group>"; };
		84BD656F1B1C1EDF00F3CC67 /* EhomeDebugPrefix.pch */ = {isa = PBXFileReference; lastKnownFileType = sourcecode.c.h; path = EhomeDebugPrefix.pch; sourceTree = "<group>"; };
		84C01D2D1AF73E2700FD74A6 /* JavaScriptCore.framework */ = {isa = PBXFileReference; lastKnownFileType = wrapper.framework; name = JavaScriptCore.framework; path = System/Library/Frameworks/JavaScriptCore.framework; sourceTree = SDKROOT; };
		84C03C521B41282900D2D5C5 /* configdefault.json */ = {isa = PBXFileReference; fileEncoding = 4; lastKnownFileType = text.json; path = configdefault.json; sourceTree = "<group>"; };
		84C14B0C1AF70AA300B11B46 /* ehomeDebugTools.app */ = {isa = PBXFileReference; explicitFileType = wrapper.application; includeInIndex = 0; path = ehomeDebugTools.app; sourceTree = BUILT_PRODUCTS_DIR; };
		84C14B101AF70AA300B11B46 /* Info.plist */ = {isa = PBXFileReference; lastKnownFileType = text.plist.xml; path = Info.plist; sourceTree = "<group>"; };
		84C14B111AF70AA300B11B46 /* main.m */ = {isa = PBXFileReference; lastKnownFileType = sourcecode.c.objc; path = main.m; sourceTree = "<group>"; };
		84C14B131AF70AA300B11B46 /* AppDelegate.h */ = {isa = PBXFileReference; lastKnownFileType = sourcecode.c.h; path = AppDelegate.h; sourceTree = "<group>"; };
		84C14B141AF70AA300B11B46 /* AppDelegate.m */ = {isa = PBXFileReference; lastKnownFileType = sourcecode.c.objc; path = AppDelegate.m; sourceTree = "<group>"; };
		84C14B161AF70AA300B11B46 /* ViewController.h */ = {isa = PBXFileReference; lastKnownFileType = sourcecode.c.h; path = ViewController.h; sourceTree = "<group>"; };
		84C14B171AF70AA300B11B46 /* ViewController.m */ = {isa = PBXFileReference; lastKnownFileType = sourcecode.c.objc; path = ViewController.m; sourceTree = "<group>"; };
		84C14B1A1AF70AA400B11B46 /* Base */ = {isa = PBXFileReference; lastKnownFileType = file.storyboard; name = Base; path = Base.lproj/Main.storyboard; sourceTree = "<group>"; };
		84C14B1C1AF70AA400B11B46 /* Images.xcassets */ = {isa = PBXFileReference; lastKnownFileType = folder.assetcatalog; path = Images.xcassets; sourceTree = "<group>"; };
		84C14B251AF70AA400B11B46 /* ehomeDebugToolsTests.xctest */ = {isa = PBXFileReference; explicitFileType = wrapper.cfbundle; includeInIndex = 0; path = ehomeDebugToolsTests.xctest; sourceTree = BUILT_PRODUCTS_DIR; };
		84C14B2A1AF70AA400B11B46 /* Info.plist */ = {isa = PBXFileReference; lastKnownFileType = text.plist.xml; path = Info.plist; sourceTree = "<group>"; };
		84C14B2B1AF70AA400B11B46 /* ehomeDebugToolsTests.m */ = {isa = PBXFileReference; lastKnownFileType = sourcecode.c.objc; path = ehomeDebugToolsTests.m; sourceTree = "<group>"; };
		84C14B3E1AF7318800B11B46 /* ELNetworkService.framework */ = {isa = PBXFileReference; lastKnownFileType = wrapper.framework; path = ELNetworkService.framework; sourceTree = "<group>"; };
		84C203591B4FD1030074FD4B /* HYLVersionInfoUtils.h */ = {isa = PBXFileReference; fileEncoding = 4; lastKnownFileType = sourcecode.c.h; path = HYLVersionInfoUtils.h; sourceTree = "<group>"; };
		84C2035A1B4FD1030074FD4B /* HYLVersionInfoUtils.m */ = {isa = PBXFileReference; fileEncoding = 4; lastKnownFileType = sourcecode.c.objc; path = HYLVersionInfoUtils.m; sourceTree = "<group>"; };
		84CEC5211B3A3B130015C348 /* UIViewController+Notification.h */ = {isa = PBXFileReference; fileEncoding = 4; lastKnownFileType = sourcecode.c.h; path = "UIViewController+Notification.h"; sourceTree = "<group>"; };
		84CEC5221B3A3B130015C348 /* UIViewController+Notification.m */ = {isa = PBXFileReference; fileEncoding = 4; lastKnownFileType = sourcecode.c.objc; path = "UIViewController+Notification.m"; sourceTree = "<group>"; };
		84CEC5241B3AAC5D0015C348 /* HYLContextLibary.h */ = {isa = PBXFileReference; fileEncoding = 4; lastKnownFileType = sourcecode.c.h; path = HYLContextLibary.h; sourceTree = "<group>"; };
		84CEC5251B3AAC5D0015C348 /* HYLContextLibary.m */ = {isa = PBXFileReference; fileEncoding = 4; lastKnownFileType = sourcecode.c.objc; path = HYLContextLibary.m; sourceTree = "<group>"; };
		84CEC5271B3AB0840015C348 /* HYLCache.h */ = {isa = PBXFileReference; fileEncoding = 4; lastKnownFileType = sourcecode.c.h; path = HYLCache.h; sourceTree = "<group>"; };
		84CEC5281B3AB0840015C348 /* HYLCache.m */ = {isa = PBXFileReference; fileEncoding = 4; lastKnownFileType = sourcecode.c.objc; path = HYLCache.m; sourceTree = "<group>"; };
		84DD21AB1B4E6730008C461B /* HYLSysConfigViewController.h */ = {isa = PBXFileReference; fileEncoding = 4; lastKnownFileType = sourcecode.c.h; path = HYLSysConfigViewController.h; sourceTree = "<group>"; };
		84DD21AC1B4E6730008C461B /* HYLSysConfigViewController.m */ = {isa = PBXFileReference; fileEncoding = 4; lastKnownFileType = sourcecode.c.objc; path = HYLSysConfigViewController.m; sourceTree = "<group>"; };
		84DD21AE1B4E7909008C461B /* RegUtil.h */ = {isa = PBXFileReference; fileEncoding = 4; lastKnownFileType = sourcecode.c.h; path = RegUtil.h; sourceTree = "<group>"; };
		84DD21AF1B4E7909008C461B /* RegUtil.m */ = {isa = PBXFileReference; fileEncoding = 4; lastKnownFileType = sourcecode.c.objc; path = RegUtil.m; sourceTree = "<group>"; };
		A768C975FFC0DADECA372E34 /* Pods.debug.xcconfig */ = {isa = PBXFileReference; includeInIndex = 1; lastKnownFileType = text.xcconfig; name = Pods.debug.xcconfig; path = "Pods/Target Support Files/Pods/Pods.debug.xcconfig"; sourceTree = "<group>"; };
/* End PBXFileReference section */

/* Begin PBXFrameworksBuildPhase section */
		84C14B091AF70AA300B11B46 /* Frameworks */ = {
			isa = PBXFrameworksBuildPhase;
			buildActionMask = 2147483647;
			files = (
				84444F801B549E9200600337 /* ELNetworkService.framework in Frameworks */,
				84B379DE1B85B95D00964F02 /* Esptouch.framework in Frameworks */,
				84B30D681B62208C00AE51FA /* libcurl.a in Frameworks */,
				84C01D2E1AF73E2700FD74A6 /* JavaScriptCore.framework in Frameworks */,
				5D162196B3A798A01678C2C9 /* libPods.a in Frameworks */,
			);
			runOnlyForDeploymentPostprocessing = 0;
		};
		84C14B221AF70AA400B11B46 /* Frameworks */ = {
			isa = PBXFrameworksBuildPhase;
			buildActionMask = 2147483647;
			files = (
			);
			runOnlyForDeploymentPostprocessing = 0;
		};
/* End PBXFrameworksBuildPhase section */

/* Begin PBXGroup section */
		16E6C584E82108012F37581D /* Pods */ = {
			isa = PBXGroup;
			children = (
				A768C975FFC0DADECA372E34 /* Pods.debug.xcconfig */,
				7CEA3C076871EC35663F8CA6 /* Pods.release.xcconfig */,
			);
			name = Pods;
			sourceTree = "<group>";
		};
		76F45E752E94E4BC9A0D4483 /* Frameworks */ = {
			isa = PBXGroup;
			children = (
				84B30D651B6218AF00AE51FA /* libcurses.dylib */,
				72FBA32A01B45956F39F6449 /* libPods.a */,
			);
			name = Frameworks;
			sourceTree = "<group>";
		};
		8407F7051B3D04CD0008C36F /* view */ = {
			isa = PBXGroup;
			children = (
			);
			name = view;
			sourceTree = "<group>";
		};
		846AE2131B2A9725004F3106 /* viewController */ = {
			isa = PBXGroup;
			children = (
				84DD21AA1B4E66E4008C461B /* config */,
				84C14B161AF70AA300B11B46 /* ViewController.h */,
				84C14B171AF70AA300B11B46 /* ViewController.m */,
				846AE2101B2A8A6B004F3106 /* HYLDevicesController.h */,
				846AE2111B2A8A6B004F3106 /* HYLDevicesController.m */,
				84C14B191AF70AA400B11B46 /* Main.storyboard */,
				84B3F9B81B315CC400486D21 /* HYLDeviceDetailController.h */,
				84B3F9B91B315CC400486D21 /* HYLDeviceDetailController.m */,
				8407F7111B3D47330008C36F /* HYLDeviceManagerController.h */,
				8407F7121B3D47330008C36F /* HYLDeviceManagerController.m */,
				8465B1A91B50E64400D22290 /* LaunchScreen.xib */,
				844BF66B1B51FA6B00E81630 /* HYLDeviceConfigController.h */,
				844BF66C1B51FA6B00E81630 /* HYLDeviceConfigController.m */,
			);
			name = viewController;
			sourceTree = "<group>";
		};
		846AE2141B2AA0A4004F3106 /* download */ = {
			isa = PBXGroup;
			children = (
				846AE2151B2AA125004F3106 /* HYLResourceUtil.h */,
				846AE2161B2AA125004F3106 /* HYLResourceUtil.m */,
				8473AE091B43EE750079578F /* HYLRoutes.h */,
				8473AE0A1B43EE750079578F /* HYLRoutes.m */,
			);
			name = download;
			sourceTree = "<group>";
		};
		84AF6B131B4B6DFA004C86E6 /* wifi */ = {
			isa = PBXGroup;
			children = (
				84AF6B141B4B6E3F004C86E6 /* HYLWifiUtils.h */,
				84AF6B151B4B6E3F004C86E6 /* HYLWifiUtils.m */,
				84AF6B1A1B4CFAE6004C86E6 /* HYLReachabilityUtils.h */,
				84AF6B1B1B4CFAE6004C86E6 /* HYLReachabilityUtils.m */,
			);
			name = wifi;
			sourceTree = "<group>";
		};
		84B30D691B6220BB00AE51FA /* curl */ = {
			isa = PBXGroup;
			children = (
				84B30D6B1B6220BB00AE51FA /* curl.h */,
				84B30D6C1B6220BB00AE51FA /* curlbuild.h */,
				84B30D6D1B6220BB00AE51FA /* curlrules.h */,
				84B30D6E1B6220BB00AE51FA /* curlver.h */,
				84B30D6F1B6220BB00AE51FA /* easy.h */,
				84B30D701B6220BB00AE51FA /* mprintf.h */,
				84B30D711B6220BB00AE51FA /* multi.h */,
				84B30D721B6220BB00AE51FA /* stdcheaders.h */,
				84B30D731B6220BB00AE51FA /* typecheck-gcc.h */,
			);
			path = curl;
			sourceTree = "<group>";
		};
		84B379DF1B85BD9500964F02 /* esptouch */ = {
			isa = PBXGroup;
			children = (
				84B379E01B85BDD000964F02 /* EsptouchUtils.h */,
				84B379E11B85BDD000964F02 /* EsptouchUtils.m */,
			);
			name = esptouch;
			sourceTree = "<group>";
		};
		84B3F9B41B301DA800486D21 /* classutils */ = {
			isa = PBXGroup;
			children = (
				84DD21AE1B4E7909008C461B /* RegUtil.h */,
				84DD21AF1B4E7909008C461B /* RegUtil.m */,
				84B3F9B51B301DD700486D21 /* HYLClassUtils.h */,
				84B3F9B61B301DD700486D21 /* HYLClassUtils.m */,
				84CEC5241B3AAC5D0015C348 /* HYLContextLibary.h */,
				84CEC5251B3AAC5D0015C348 /* HYLContextLibary.m */,
				84CEC5271B3AB0840015C348 /* HYLCache.h */,
				84CEC5281B3AB0840015C348 /* HYLCache.m */,
				84C203591B4FD1030074FD4B /* HYLVersionInfoUtils.h */,
				84C2035A1B4FD1030074FD4B /* HYLVersionInfoUtils.m */,
			);
			name = classutils;
			sourceTree = "<group>";
		};
		84C01D281AF73C8600FD74A6 /* res */ = {
			isa = PBXGroup;
			children = (
				842B3D271B4635BD00F219EF /* ui */,
			);
			path = res;
			sourceTree = "<group>";
		};
		84C14B031AF70AA300B11B46 = {
			isa = PBXGroup;
			children = (
				84B379DD1B85B95D00964F02 /* Esptouch.framework */,
				84B30D671B62208C00AE51FA /* libcurl.a */,
				84BD656F1B1C1EDF00F3CC67 /* EhomeDebugPrefix.pch */,
				84C01D2D1AF73E2700FD74A6 /* JavaScriptCore.framework */,
				84C14B3E1AF7318800B11B46 /* ELNetworkService.framework */,
				84C14B0E1AF70AA300B11B46 /* ehomeDebugTools */,
				84C14B281AF70AA400B11B46 /* ehomeDebugToolsTests */,
				84C14B0D1AF70AA300B11B46 /* Products */,
				16E6C584E82108012F37581D /* Pods */,
				76F45E752E94E4BC9A0D4483 /* Frameworks */,
			);
			sourceTree = "<group>";
		};
		84C14B0D1AF70AA300B11B46 /* Products */ = {
			isa = PBXGroup;
			children = (
				84C14B0C1AF70AA300B11B46 /* ehomeDebugTools.app */,
				84C14B251AF70AA400B11B46 /* ehomeDebugToolsTests.xctest */,
			);
			name = Products;
			sourceTree = "<group>";
		};
		84C14B0E1AF70AA300B11B46 /* ehomeDebugTools */ = {
			isa = PBXGroup;
			children = (
				84B379DF1B85BD9500964F02 /* esptouch */,
				84B30D691B6220BB00AE51FA /* curl */,
				84AF6B131B4B6DFA004C86E6 /* wifi */,
				8407F7051B3D04CD0008C36F /* view */,
				84CEC5201B3A3A4D0015C348 /* categary */,
				84B3F9B41B301DA800486D21 /* classutils */,
				846AE2141B2AA0A4004F3106 /* download */,
				846AE2131B2A9725004F3106 /* viewController */,
				84C01D281AF73C8600FD74A6 /* res */,
				84C14B131AF70AA300B11B46 /* AppDelegate.h */,
				84C14B141AF70AA300B11B46 /* AppDelegate.m */,
				84C14B1C1AF70AA400B11B46 /* Images.xcassets */,
				84C14B0F1AF70AA300B11B46 /* Supporting Files */,
			);
			path = ehomeDebugTools;
			sourceTree = "<group>";
		};
		84C14B0F1AF70AA300B11B46 /* Supporting Files */ = {
			isa = PBXGroup;
			children = (
				84C14B101AF70AA300B11B46 /* Info.plist */,
				84C14B111AF70AA300B11B46 /* main.m */,
				84C03C521B41282900D2D5C5 /* configdefault.json */,
				8473AE121B4522C40079578F /* Localizable.strings */,
			);
			name = "Supporting Files";
			sourceTree = "<group>";
		};
		84C14B281AF70AA400B11B46 /* ehomeDebugToolsTests */ = {
			isa = PBXGroup;
			children = (
				84C14B2B1AF70AA400B11B46 /* ehomeDebugToolsTests.m */,
				84C14B291AF70AA400B11B46 /* Supporting Files */,
			);
			path = ehomeDebugToolsTests;
			sourceTree = "<group>";
		};
		84C14B291AF70AA400B11B46 /* Supporting Files */ = {
			isa = PBXGroup;
			children = (
				84C14B2A1AF70AA400B11B46 /* Info.plist */,
			);
			name = "Supporting Files";
			sourceTree = "<group>";
		};
		84CEC5201B3A3A4D0015C348 /* categary */ = {
			isa = PBXGroup;
			children = (
				8449B7461B3259F100B764D7 /* UINavigationController+barTheme.h */,
				8449B7471B3259F100B764D7 /* UINavigationController+barTheme.m */,
				84CEC5211B3A3B130015C348 /* UIViewController+Notification.h */,
				84CEC5221B3A3B130015C348 /* UIViewController+Notification.m */,
			);
			name = categary;
			sourceTree = "<group>";
		};
		84DD21AA1B4E66E4008C461B /* config */ = {
			isa = PBXGroup;
			children = (
				84AF6B171B4CBE5F004C86E6 /* HYLWIFITableViewController.h */,
				84AF6B181B4CBE5F004C86E6 /* HYLWIFITableViewController.m */,
				84DD21AB1B4E6730008C461B /* HYLSysConfigViewController.h */,
				84DD21AC1B4E6730008C461B /* HYLSysConfigViewController.m */,
			);
			name = config;
			sourceTree = "<group>";
		};
/* End PBXGroup section */

/* Begin PBXNativeTarget section */
		84C14B0B1AF70AA300B11B46 /* ehomeDebugTools */ = {
			isa = PBXNativeTarget;
			buildConfigurationList = 84C14B2F1AF70AA400B11B46 /* Build configuration list for PBXNativeTarget "ehomeDebugTools" */;
			buildPhases = (
				67EB2572BCEBE503E979BD52 /* Check Pods Manifest.lock */,
				84C14B081AF70AA300B11B46 /* Sources */,
				84C14B091AF70AA300B11B46 /* Frameworks */,
				84C14B0A1AF70AA300B11B46 /* Resources */,
				92B44A218EBE5FD83F3B2488 /* Copy Pods Resources */,
			);
			buildRules = (
			);
			dependencies = (
			);
			name = ehomeDebugTools;
			productName = ehomeDebugTools;
			productReference = 84C14B0C1AF70AA300B11B46 /* ehomeDebugTools.app */;
			productType = "com.apple.product-type.application";
		};
		84C14B241AF70AA400B11B46 /* ehomeDebugToolsTests */ = {
			isa = PBXNativeTarget;
			buildConfigurationList = 84C14B321AF70AA400B11B46 /* Build configuration list for PBXNativeTarget "ehomeDebugToolsTests" */;
			buildPhases = (
				84C14B211AF70AA400B11B46 /* Sources */,
				84C14B221AF70AA400B11B46 /* Frameworks */,
				84C14B231AF70AA400B11B46 /* Resources */,
			);
			buildRules = (
			);
			dependencies = (
				84C14B271AF70AA400B11B46 /* PBXTargetDependency */,
			);
			name = ehomeDebugToolsTests;
			productName = ehomeDebugToolsTests;
			productReference = 84C14B251AF70AA400B11B46 /* ehomeDebugToolsTests.xctest */;
			productType = "com.apple.product-type.bundle.unit-test";
		};
/* End PBXNativeTarget section */

/* Begin PBXProject section */
		84C14B041AF70AA300B11B46 /* Project object */ = {
			isa = PBXProject;
			attributes = {
				LastUpgradeCheck = 0630;
				ORGANIZATIONNAME = "cn.lztech  &#21512;&#32933;&#32852;&#27491;&#30005;&#23376;&#31185;&#25216;&#26377;&#38480;&#20844;&#21496;";
				TargetAttributes = {
					84C14B0B1AF70AA300B11B46 = {
						CreatedOnToolsVersion = 6.3.1;
						DevelopmentTeam = HLQ3A9KFRW;
					};
					84C14B241AF70AA400B11B46 = {
						CreatedOnToolsVersion = 6.3.1;
						TestTargetID = 84C14B0B1AF70AA300B11B46;
					};
				};
			};
			buildConfigurationList = 84C14B071AF70AA300B11B46 /* Build configuration list for PBXProject "ehomeDebugTools" */;
			compatibilityVersion = "Xcode 3.2";
			developmentRegion = English;
			hasScannedForEncodings = 0;
			knownRegions = (
				en,
				Base,
			);
			mainGroup = 84C14B031AF70AA300B11B46;
			productRefGroup = 84C14B0D1AF70AA300B11B46 /* Products */;
			projectDirPath = "";
			projectRoot = "";
			targets = (
				84C14B0B1AF70AA300B11B46 /* ehomeDebugTools */,
				84C14B241AF70AA400B11B46 /* ehomeDebugToolsTests */,
			);
		};
/* End PBXProject section */

/* Begin PBXResourcesBuildPhase section */
		84C14B0A1AF70AA300B11B46 /* Resources */ = {
			isa = PBXResourcesBuildPhase;
			buildActionMask = 2147483647;
			files = (
				842B3D2A1B4635BD00F219EF /* ui in Resources */,
				84C03C531B41282900D2D5C5 /* configdefault.json in Resources */,
				8465B1AA1B50E64400D22290 /* LaunchScreen.xib in Resources */,
				84C14B1B1AF70AA400B11B46 /* Main.storyboard in Resources */,
				8473AE131B4522C40079578F /* Localizable.strings in Resources */,
				84C14B1D1AF70AA400B11B46 /* Images.xcassets in Resources */,
			);
			runOnlyForDeploymentPostprocessing = 0;
		};
		84C14B231AF70AA400B11B46 /* Resources */ = {
			isa = PBXResourcesBuildPhase;
			buildActionMask = 2147483647;
			files = (
			);
			runOnlyForDeploymentPostprocessing = 0;
		};
/* End PBXResourcesBuildPhase section */

/* Begin PBXShellScriptBuildPhase section */
		67EB2572BCEBE503E979BD52 /* Check Pods Manifest.lock */ = {
			isa = PBXShellScriptBuildPhase;
			buildActionMask = 2147483647;
			files = (
			);
			inputPaths = (
			);
			name = "Check Pods Manifest.lock";
			outputPaths = (
			);
			runOnlyForDeploymentPostprocessing = 0;
			shellPath = /bin/sh;
			shellScript = "diff \"${PODS_ROOT}/../Podfile.lock\" \"${PODS_ROOT}/Manifest.lock\" > /dev/null\nif [[ $? != 0 ]] ; then\n    cat << EOM\nerror: The sandbox is not in sync with the Podfile.lock. Run 'pod install' or update your CocoaPods installation.\nEOM\n    exit 1\nfi\n";
			showEnvVarsInLog = 0;
		};
		92B44A218EBE5FD83F3B2488 /* Copy Pods Resources */ = {
			isa = PBXShellScriptBuildPhase;
			buildActionMask = 2147483647;
			files = (
			);
			inputPaths = (
			);
			name = "Copy Pods Resources";
			outputPaths = (
			);
			runOnlyForDeploymentPostprocessing = 0;
			shellPath = /bin/sh;
			shellScript = "\"${SRCROOT}/Pods/Target Support Files/Pods/Pods-resources.sh\"\n";
			showEnvVarsInLog = 0;
		};
/* End PBXShellScriptBuildPhase section */

/* Begin PBXSourcesBuildPhase section */
		84C14B081AF70AA300B11B46 /* Sources */ = {
			isa = PBXSourcesBuildPhase;
			buildActionMask = 2147483647;
			files = (
				8473AE0B1B43EE750079578F /* HYLRoutes.m in Sources */,
				84B3F9B71B301DD700486D21 /* HYLClassUtils.m in Sources */,
				84AF6B161B4B6E3F004C86E6 /* HYLWifiUtils.m in Sources */,
				84CEC5291B3AB0840015C348 /* HYLCache.m in Sources */,
				84C2035B1B4FD1030074FD4B /* HYLVersionInfoUtils.m in Sources */,
				84B379E21B85BDD000964F02 /* EsptouchUtils.m in Sources */,
				84C14B181AF70AA300B11B46 /* ViewController.m in Sources */,
				8407F7131B3D47330008C36F /* HYLDeviceManagerController.m in Sources */,
				846AE2121B2A8A6B004F3106 /* HYLDevicesController.m in Sources */,
				84DD21AD1B4E6730008C461B /* HYLSysConfigViewController.m in Sources */,
				846AE2171B2AA125004F3106 /* HYLResourceUtil.m in Sources */,
				84B3F9BA1B315CC400486D21 /* HYLDeviceDetailController.m in Sources */,
				84AF6B191B4CBE5F004C86E6 /* HYLWIFITableViewController.m in Sources */,
				84CEC5231B3A3B130015C348 /* UIViewController+Notification.m in Sources */,
				84CEC5261B3AAC5E0015C348 /* HYLContextLibary.m in Sources */,
				8449B7481B3259F100B764D7 /* UINavigationController+barTheme.m in Sources */,
				84AF6B1C1B4CFAE6004C86E6 /* HYLReachabilityUtils.m in Sources */,
				84C14B151AF70AA300B11B46 /* AppDelegate.m in Sources */,
				844BF66D1B51FA6B00E81630 /* HYLDeviceConfigController.m in Sources */,
				84DD21B01B4E7909008C461B /* RegUtil.m in Sources */,
				84C14B121AF70AA300B11B46 /* main.m in Sources */,
			);
			runOnlyForDeploymentPostprocessing = 0;
		};
		84C14B211AF70AA400B11B46 /* Sources */ = {
			isa = PBXSourcesBuildPhase;
			buildActionMask = 2147483647;
			files = (
				84C14B2C1AF70AA400B11B46 /* ehomeDebugToolsTests.m in Sources */,
			);
			runOnlyForDeploymentPostprocessing = 0;
		};
/* End PBXSourcesBuildPhase section */

/* Begin PBXTargetDependency section */
		84C14B271AF70AA400B11B46 /* PBXTargetDependency */ = {
			isa = PBXTargetDependency;
			target = 84C14B0B1AF70AA300B11B46 /* ehomeDebugTools */;
			targetProxy = 84C14B261AF70AA400B11B46 /* PBXContainerItemProxy */;
		};
/* End PBXTargetDependency section */

/* Begin PBXVariantGroup section */
		84C14B191AF70AA400B11B46 /* Main.storyboard */ = {
			isa = PBXVariantGroup;
			children = (
				84C14B1A1AF70AA400B11B46 /* Base */,
			);
			name = Main.storyboard;
			sourceTree = "<group>";
		};
/* End PBXVariantGroup section */

/* Begin XCBuildConfiguration section */
		84C14B2D1AF70AA400B11B46 /* Debug */ = {
			isa = XCBuildConfiguration;
			buildSettings = {
				ALWAYS_SEARCH_USER_PATHS = NO;
				CLANG_CXX_LANGUAGE_STANDARD = "gnu++0x";
				CLANG_CXX_LIBRARY = "libc++";
				CLANG_ENABLE_MODULES = YES;
				CLANG_ENABLE_OBJC_ARC = YES;
				CLANG_WARN_BOOL_CONVERSION = YES;
				CLANG_WARN_CONSTANT_CONVERSION = YES;
				CLANG_WARN_DIRECT_OBJC_ISA_USAGE = YES_ERROR;
				CLANG_WARN_EMPTY_BODY = YES;
				CLANG_WARN_ENUM_CONVERSION = YES;
				CLANG_WARN_INT_CONVERSION = YES;
				CLANG_WARN_OBJC_ROOT_CLASS = YES_ERROR;
				CLANG_WARN_UNREACHABLE_CODE = YES;
				CLANG_WARN__DUPLICATE_METHOD_MATCH = YES;
				"CODE_SIGN_IDENTITY[sdk=iphoneos*]" = "iPhone Developer";
				COPY_PHASE_STRIP = NO;
				DEBUG_INFORMATION_FORMAT = "dwarf-with-dsym";
				ENABLE_STRICT_OBJC_MSGSEND = YES;
				GCC_C_LANGUAGE_STANDARD = gnu99;
				GCC_DYNAMIC_NO_PIC = NO;
				GCC_NO_COMMON_BLOCKS = YES;
				GCC_OPTIMIZATION_LEVEL = 0;
				GCC_PREPROCESSOR_DEFINITIONS = (
					"DEBUG=1",
					"$(inherited)",
				);
				GCC_SYMBOLS_PRIVATE_EXTERN = NO;
				GCC_WARN_64_TO_32_BIT_CONVERSION = YES;
				GCC_WARN_ABOUT_RETURN_TYPE = YES_ERROR;
				GCC_WARN_UNDECLARED_SELECTOR = YES;
				GCC_WARN_UNINITIALIZED_AUTOS = YES_AGGRESSIVE;
				GCC_WARN_UNUSED_FUNCTION = YES;
				GCC_WARN_UNUSED_VARIABLE = YES;
				IPHONEOS_DEPLOYMENT_TARGET = 8.3;
				MTL_ENABLE_DEBUG_INFO = YES;
				ONLY_ACTIVE_ARCH = YES;
				SDKROOT = iphoneos;
			};
			name = Debug;
		};
		84C14B2E1AF70AA400B11B46 /* Release */ = {
			isa = XCBuildConfiguration;
			buildSettings = {
				ALWAYS_SEARCH_USER_PATHS = NO;
				CLANG_CXX_LANGUAGE_STANDARD = "gnu++0x";
				CLANG_CXX_LIBRARY = "libc++";
				CLANG_ENABLE_MODULES = YES;
				CLANG_ENABLE_OBJC_ARC = YES;
				CLANG_WARN_BOOL_CONVERSION = YES;
				CLANG_WARN_CONSTANT_CONVERSION = YES;
				CLANG_WARN_DIRECT_OBJC_ISA_USAGE = YES_ERROR;
				CLANG_WARN_EMPTY_BODY = YES;
				CLANG_WARN_ENUM_CONVERSION = YES;
				CLANG_WARN_INT_CONVERSION = YES;
				CLANG_WARN_OBJC_ROOT_CLASS = YES_ERROR;
				CLANG_WARN_UNREACHABLE_CODE = YES;
				CLANG_WARN__DUPLICATE_METHOD_MATCH = YES;
				"CODE_SIGN_IDENTITY[sdk=iphoneos*]" = "iPhone Developer";
				COPY_PHASE_STRIP = NO;
				DEBUG_INFORMATION_FORMAT = "dwarf-with-dsym";
				ENABLE_NS_ASSERTIONS = NO;
				ENABLE_STRICT_OBJC_MSGSEND = YES;
				GCC_C_LANGUAGE_STANDARD = gnu99;
				GCC_NO_COMMON_BLOCKS = YES;
				GCC_WARN_64_TO_32_BIT_CONVERSION = YES;
				GCC_WARN_ABOUT_RETURN_TYPE = YES_ERROR;
				GCC_WARN_UNDECLARED_SELECTOR = YES;
				GCC_WARN_UNINITIALIZED_AUTOS = YES_AGGRESSIVE;
				GCC_WARN_UNUSED_FUNCTION = YES;
				GCC_WARN_UNUSED_VARIABLE = YES;
				IPHONEOS_DEPLOYMENT_TARGET = 8.3;
				MTL_ENABLE_DEBUG_INFO = NO;
				SDKROOT = iphoneos;
				VALIDATE_PRODUCT = YES;
			};
			name = Release;
		};
		84C14B301AF70AA400B11B46 /* Debug */ = {
			isa = XCBuildConfiguration;
			baseConfigurationReference = A768C975FFC0DADECA372E34 /* Pods.debug.xcconfig */;
			buildSettings = {
				ASSETCATALOG_COMPILER_APPICON_NAME = AppIcon;
				ASSETCATALOG_COMPILER_LAUNCHIMAGE_NAME = LaunchImage;
				CLANG_WARN_DIRECT_OBJC_ISA_USAGE = YES_ERROR;
				CODE_SIGN_IDENTITY = "iPhone Developer";
				FRAMEWORK_SEARCH_PATHS = (
					"$(inherited)",
					"$(PROJECT_DIR)",
				);
				GCC_DYNAMIC_NO_PIC = NO;
				GCC_PRECOMPILE_PREFIX_HEADER = YES;
				GCC_PREFIX_HEADER = EhomeDebugPrefix.pch;
				HEADER_SEARCH_PATHS = (
					"$(inherited)",
					"\"${PODS_ROOT}/Headers/Public\"",
					"\"${PODS_ROOT}/Headers/Public/EGOTableViewPullRefresh\"",
					"\"${PODS_ROOT}/Headers/Public/FDFullscreenPopGesture\"",
					"\"${PODS_ROOT}/Headers/Public/JSONKit\"",
					"\"${PODS_ROOT}/Headers/Public/MBProgressHUD\"",
					"\"${PODS_ROOT}/Headers/Public/Reachability\"",
					"\"${PODS_ROOT}/Headers/Public/SDWebImage\"",
					"\"${PODS_ROOT}/Headers/Public/SIAlertView\"",
					"\"${PODS_ROOT}/Headers/Public/Toast\"",
					"\"${PODS_ROOT}/Headers/Public/ZipArchive\"",
					/usr/include/libxml2,
				);
				INFOPLIST_FILE = ehomeDebugTools/Info.plist;
				IPHONEOS_DEPLOYMENT_TARGET = 7.0;
				LD_NO_PIE = NO;
				LD_RUNPATH_SEARCH_PATHS = "$(inherited) @executable_path/Frameworks";
				LIBRARY_SEARCH_PATHS = (
					"$(inherited)",
					"$(PROJECT_DIR)",
				);
				OTHER_LDFLAGS = (
					"$(inherited)",
					"-ObjC",
					"-l\"Pods-EGOTableViewPullRefresh\"",
					"-l\"Pods-FDFullscreenPopGesture\"",
					"-l\"Pods-JSONKit\"",
					"-l\"Pods-MBProgressHUD\"",
					"-l\"Pods-Reachability\"",
					"-l\"Pods-SDWebImage\"",
					"-l\"Pods-SIAlertView\"",
					"-l\"Pods-Toast\"",
					"-l\"Pods-ZipArchive\"",
					"-l\"z\"",
					"-framework",
					"\"CoreGraphics\"",
					"-framework",
					"\"ImageIO\"",
					"-framework",
					"\"QuartzCore\"",
					"-framework",
					"\"SystemConfiguration\"",
					"-lxml2",
				);
				PRODUCT_NAME = "$(TARGET_NAME)";
				TARGETED_DEVICE_FAMILY = 1;
			};
			name = Debug;
		};
		84C14B311AF70AA400B11B46 /* Release */ = {
			isa = XCBuildConfiguration;
			baseConfigurationReference = 7CEA3C076871EC35663F8CA6 /* Pods.release.xcconfig */;
			buildSettings = {
				ASSETCATALOG_COMPILER_APPICON_NAME = AppIcon;
				ASSETCATALOG_COMPILER_LAUNCHIMAGE_NAME = LaunchImage;
				CLANG_WARN_DIRECT_OBJC_ISA_USAGE = YES_ERROR;
				CODE_SIGN_IDENTITY = "iPhone Developer";
				FRAMEWORK_SEARCH_PATHS = (
					"$(inherited)",
					"$(PROJECT_DIR)",
				);
				GCC_DYNAMIC_NO_PIC = NO;
				GCC_PRECOMPILE_PREFIX_HEADER = YES;
				GCC_PREFIX_HEADER = EhomeDebugPrefix.pch;
				HEADER_SEARCH_PATHS = (
					"$(inherited)",
					"\"${PODS_ROOT}/Headers/Public\"",
					"\"${PODS_ROOT}/Headers/Public/EGOTableViewPullRefresh\"",
					"\"${PODS_ROOT}/Headers/Public/FDFullscreenPopGesture\"",
					"\"${PODS_ROOT}/Headers/Public/JSONKit\"",
					"\"${PODS_ROOT}/Headers/Public/MBProgressHUD\"",
					"\"${PODS_ROOT}/Headers/Public/Reachability\"",
					"\"${PODS_ROOT}/Headers/Public/SDWebImage\"",
					"\"${PODS_ROOT}/Headers/Public/SIAlertView\"",
					"\"${PODS_ROOT}/Headers/Public/Toast\"",
					"\"${PODS_ROOT}/Headers/Public/ZipArchive\"",
					/usr/include/libxml2,
				);
				INFOPLIST_FILE = ehomeDebugTools/Info.plist;
				IPHONEOS_DEPLOYMENT_TARGET = 7.0;
				LD_NO_PIE = NO;
				LD_RUNPATH_SEARCH_PATHS = "$(inherited) @executable_path/Frameworks";
				LIBRARY_SEARCH_PATHS = (
					"$(inherited)",
					"$(PROJECT_DIR)",
				);
				OTHER_LDFLAGS = (
					"$(inherited)",
					"-ObjC",
					"-l\"Pods-EGOTableViewPullRefresh\"",
					"-l\"Pods-FDFullscreenPopGesture\"",
					"-l\"Pods-JSONKit\"",
					"-l\"Pods-MBProgressHUD\"",
					"-l\"Pods-Reachability\"",
					"-l\"Pods-SDWebImage\"",
					"-l\"Pods-SIAlertView\"",
					"-l\"Pods-Toast\"",
					"-l\"Pods-ZipArchive\"",
					"-l\"z\"",
					"-framework",
					"\"CoreGraphics\"",
					"-framework",
					"\"ImageIO\"",
					"-framework",
					"\"QuartzCore\"",
					"-framework",
					"\"SystemConfiguration\"",
					"-lxml2",
				);
				PRODUCT_NAME = "$(TARGET_NAME)";
				TARGETED_DEVICE_FAMILY = 1;
			};
			name = Release;
		};
		84C14B331AF70AA400B11B46 /* Debug */ = {
			isa = XCBuildConfiguration;
			buildSettings = {
				BUNDLE_LOADER = "$(TEST_HOST)";
				FRAMEWORK_SEARCH_PATHS = (
					"$(SDKROOT)/Developer/Library/Frameworks",
					"$(inherited)",
				);
				GCC_PREPROCESSOR_DEFINITIONS = (
					"DEBUG=1",
					"$(inherited)",
				);
				INFOPLIST_FILE = ehomeDebugToolsTests/Info.plist;
				LD_RUNPATH_SEARCH_PATHS = "$(inherited) @executable_path/Frameworks @loader_path/Frameworks";
				PRODUCT_NAME = "$(TARGET_NAME)";
				TEST_HOST = "$(BUILT_PRODUCTS_DIR)/ehomeDebugTools.app/ehomeDebugTools";
			};
			name = Debug;
		};
		84C14B341AF70AA400B11B46 /* Release */ = {
			isa = XCBuildConfiguration;
			buildSettings = {
				BUNDLE_LOADER = "$(TEST_HOST)";
				FRAMEWORK_SEARCH_PATHS = (
					"$(SDKROOT)/Developer/Library/Frameworks",
					"$(inherited)",
				);
				INFOPLIST_FILE = ehomeDebugToolsTests/Info.plist;
				LD_RUNPATH_SEARCH_PATHS = "$(inherited) @executable_path/Frameworks @loader_path/Frameworks";
				PRODUCT_NAME = "$(TARGET_NAME)";
				TEST_HOST = "$(BUILT_PRODUCTS_DIR)/ehomeDebugTools.app/ehomeDebugTools";
			};
			name = Release;
		};
/* End XCBuildConfiguration section */

/* Begin XCConfigurationList section */
		84C14B071AF70AA300B11B46 /* Build configuration list for PBXProject "ehomeDebugTools" */ = {
			isa = XCConfigurationList;
			buildConfigurations = (
				84C14B2D1AF70AA400B11B46 /* Debug */,
				84C14B2E1AF70AA400B11B46 /* Release */,
			);
			defaultConfigurationIsVisible = 0;
			defaultConfigurationName = Release;
		};
		84C14B2F1AF70AA400B11B46 /* Build configuration list for PBXNativeTarget "ehomeDebugTools" */ = {
			isa = XCConfigurationList;
			buildConfigurations = (
				84C14B301AF70AA400B11B46 /* Debug */,
				84C14B311AF70AA400B11B46 /* Release */,
			);
			defaultConfigurationIsVisible = 0;
			defaultConfigurationName = Release;
		};
		84C14B321AF70AA400B11B46 /* Build configuration list for PBXNativeTarget "ehomeDebugToolsTests" */ = {
			isa = XCConfigurationList;
			buildConfigurations = (
				84C14B331AF70AA400B11B46 /* Debug */,
				84C14B341AF70AA400B11B46 /* Release */,
			);
			defaultConfigurationIsVisible = 0;
			defaultConfigurationName = Release;
		};
/* End XCConfigurationList section */
	};
	rootObject = 84C14B041AF70AA300B11B46 /* Project object */;
}
